# THIS IS AN AUTOGENERATED FILE. DO NOT EDIT THIS FILE DIRECTLY.
# yarn lockfile v1


"@types/feather-icons@^4.29.4":
  version "4.29.4"
  resolved "https://registry.yarnpkg.com/@types/feather-icons/-/feather-icons-4.29.4.tgz#3c1d0bba09278c88dd35f6ae102aeb293aabf4bd"
  integrity sha512-cvwI455PWx/gJ33XDTIZOdauRy+XCxZggkOT/tAQYZLdySPFATD4RnDC9mxOnCIEaK9kwPm3zZigkAsMkhXb5w==
